
Microsoft Visual Studio Solution File, Format Version 12.00
# Visual Studio Version 17
VisualStudioVersion = 17.0.31903.59
MinimumVisualStudioVersion = 10.0.40219.1
Project("{2150E333-8FDC-42A3-9474-1A3956D46DE8}") = "Domain", "Domain", "{34161751-8EA2-4BF7-8EE6-57BCAD73049A}"
EndProject
Project("{FAE04EC0-301F-11D3-BF4B-00C04F79EFBC}") = "ApiRobusta.Domain", "src\ApiRobusta.Domain\ApiRobusta.Domain.csproj", "{4B83524D-915E-45C9-9EBF-5F2340F052C5}"
EndProject
Global
	GlobalSection(SolutionConfigurationPlatforms) = preSolution
		Debug|Any CPU = Debug|Any CPU
		Release|Any CPU = Release|Any CPU
	EndGlobalSection
	GlobalSection(ProjectConfigurationPlatforms) = postSolution
		{4B83524D-915E-45C9-9EBF-5F2340F052C5}.Debug|Any CPU.ActiveCfg = Debug|Any CPU
		{4B83524D-915E-45C9-9EBF-5F2340F052C5}.Debug|Any CPU.Build.0 = Debug|Any CPU
		{4B83524D-915E-45C9-9EBF-5F2340F052C5}.Release|Any CPU.ActiveCfg = Release|Any CPU
		{4B83524D-915E-45C9-9EBF-5F2340F052C5}.Release|Any CPU.Build.0 = Release|Any CPU
	EndGlobalSection
	GlobalSection(SolutionProperties) = preSolution
		HideSolutionNode = FALSE
	EndGlobalSection
	GlobalSection(NestedProjects) = preSolution
		{4B83524D-915E-45C9-9EBF-5F2340F052C5} = {34161751-8EA2-4BF7-8EE6-57BCAD73049A}
	EndGlobalSection
	GlobalSection(ExtensibilityGlobals) = postSolution
		SolutionGuid = {7AF07FBA-2221-499E-9E3C-02E8C78453EF}
	EndGlobalSection
EndGlobal
